
Microsoft Visual Studio Solution File, Format Version 12.00
# Visual Studio 15
VisualStudioVersion = 15.0.28307.572
MinimumVisualStudioVersion = 10.0.40219.1
Project("{FAE04EC0-301F-11D3-BF4B-00C04F79EFBC}") = "datafabric-user-to-api", "datafabric-user-to-api\datafabric-user-to-api.csproj", "{2C140E7F-61FF-4530-A737-D0BA966CC130}"
EndProject
Global
	GlobalSection(SolutionConfigurationPlatforms) = preSolution
		Debug|Any CPU = Debug|Any CPU
		Release|Any CPU = Release|Any CPU
	EndGlobalSection
	GlobalSection(ProjectConfigurationPlatforms) = postSolution
		{2C140E7F-61FF-4530-A737-D0BA966CC130}.Debug|Any CPU.ActiveCfg = Debug|Any CPU
		{2C140E7F-61FF-4530-A737-D0BA966CC130}.Debug|Any CPU.Build.0 = Debug|Any CPU
		{2C140E7F-61FF-4530-A737-D0BA966CC130}.Release|Any CPU.ActiveCfg = Release|Any CPU
		{2C140E7F-61FF-4530-A737-D0BA966CC130}.Release|Any CPU.Build.0 = Release|Any CPU
	EndGlobalSection
	GlobalSection(SolutionProperties) = preSolution
		HideSolutionNode = FALSE
	EndGlobalSection
	GlobalSection(ExtensibilityGlobals) = postSolution
		SolutionGuid = {82C32705-6660-4C7C-9BDD-922B4A7C7D88}
	EndGlobalSection
EndGlobal
