
Microsoft Visual Studio Solution File, Format Version 12.00
# Visual Studio 15
VisualStudioVersion = 15.0.26730.15
MinimumVisualStudioVersion = 10.0.40219.1
Project("{FAE04EC0-301F-11D3-BF4B-00C04F79EFBC}") = "veracity-api-sample", "veracity-api-sample\veracity-api-sample.csproj", "{BBEF1D94-D307-4C63-89BF-B49A0D1FA3DC}"
EndProject
Global
	GlobalSection(SolutionConfigurationPlatforms) = preSolution
		Debug|Any CPU = Debug|Any CPU
		Release|Any CPU = Release|Any CPU
	EndGlobalSection
	GlobalSection(ProjectConfigurationPlatforms) = postSolution
		{BBEF1D94-D307-4C63-89BF-B49A0D1FA3DC}.Debug|Any CPU.ActiveCfg = Debug|Any CPU
		{BBEF1D94-D307-4C63-89BF-B49A0D1FA3DC}.Debug|Any CPU.Build.0 = Debug|Any CPU
		{BBEF1D94-D307-4C63-89BF-B49A0D1FA3DC}.Release|Any CPU.ActiveCfg = Release|Any CPU
		{BBEF1D94-D307-4C63-89BF-B49A0D1FA3DC}.Release|Any CPU.Build.0 = Release|Any CPU
	EndGlobalSection
	GlobalSection(SolutionProperties) = preSolution
		HideSolutionNode = FALSE
	EndGlobalSection
	GlobalSection(ExtensibilityGlobals) = postSolution
		SolutionGuid = {275A7428-11A9-406A-87DF-B23805381D66}
	EndGlobalSection
EndGlobal
