
Microsoft Visual Studio Solution File, Format Version 12.00
# Visual Studio 15
VisualStudioVersion = 15.0.26730.15
MinimumVisualStudioVersion = 10.0.40219.1
Project("{FAE04EC0-301F-11D3-BF4B-00C04F79EFBC}") = "aad-b2c-web-net", "aad-b2c-web-net\aad-b2c-web-net.csproj", "{C6E21C10-2786-4770-8865-B151D49CDA19}"
EndProject
Global
	GlobalSection(SolutionConfigurationPlatforms) = preSolution
		Debug|Any CPU = Debug|Any CPU
		Release|Any CPU = Release|Any CPU
	EndGlobalSection
	GlobalSection(ProjectConfigurationPlatforms) = postSolution
		{C6E21C10-2786-4770-8865-B151D49CDA19}.Debug|Any CPU.ActiveCfg = Debug|Any CPU
		{C6E21C10-2786-4770-8865-B151D49CDA19}.Debug|Any CPU.Build.0 = Debug|Any CPU
		{C6E21C10-2786-4770-8865-B151D49CDA19}.Release|Any CPU.ActiveCfg = Release|Any CPU
		{C6E21C10-2786-4770-8865-B151D49CDA19}.Release|Any CPU.Build.0 = Release|Any CPU
	EndGlobalSection
	GlobalSection(SolutionProperties) = preSolution
		HideSolutionNode = FALSE
	EndGlobalSection
	GlobalSection(ExtensibilityGlobals) = postSolution
		SolutionGuid = {7DAC0E4B-8892-4D4E-9CF0-A347D0B1D787}
	EndGlobalSection
EndGlobal
